// !$*UTF8*$!
{
	archiveVersion = 1;
	classes = {
	};
	objectVersion = 50;
	objects = {

/* Begin PBXBuildFile section */
		1D19A4D721455E2F0009499A /* MovieCell.swift in Sources */ = {isa = PBXBuildFile; fileRef = 1D19A4D621455E2F0009499A /* MovieCell.swift */; };
		1D4091FB21432BEA00CAE074 /* NowPlayingViewController.swift in Sources */ = {isa = PBXBuildFile; fileRef = 1D4091FA21432BEA00CAE074 /* NowPlayingViewController.swift */; };
		1D55FBAD2145B7FB006E9210 /* Extension.swift in Sources */ = {isa = PBXBuildFile; fileRef = 1D55FBAC2145B7FB006E9210 /* Extension.swift */; };
		1DB77E782146D6C200F6A6C8 /* SearchViewController.swift in Sources */ = {isa = PBXBuildFile; fileRef = 1DB77E772146D6C200F6A6C8 /* SearchViewController.swift */; };
		1DB77E7A2146E27600F6A6C8 /* MovieCollectionCell.swift in Sources */ = {isa = PBXBuildFile; fileRef = 1DB77E792146E27600F6A6C8 /* MovieCollectionCell.swift */; };
		1DE2B0A1213F51C400C14CDA /* AppDelegate.swift in Sources */ = {isa = PBXBuildFile; fileRef = 1DE2B0A0213F51C400C14CDA /* AppDelegate.swift */; };
		1DE2B0A6213F51C400C14CDA /* Main.storyboard in Resources */ = {isa = PBXBuildFile; fileRef = 1DE2B0A4213F51C400C14CDA /* Main.storyboard */; };
		1DE2B0A8213F51C600C14CDA /* Assets.xcassets in Resources */ = {isa = PBXBuildFile; fileRef = 1DE2B0A7213F51C600C14CDA /* Assets.xcassets */; };
		1DE2B0AB213F51C600C14CDA /* LaunchScreen.storyboard in Resources */ = {isa = PBXBuildFile; fileRef = 1DE2B0A9213F51C600C14CDA /* LaunchScreen.storyboard */; };
		F839E8550B027B52D3FA9F51 /* Pods_Flix.framework in Frameworks */ = {isa = PBXBuildFile; fileRef = 3A4EEDDCBF5457648DD508DA /* Pods_Flix.framework */; };
/* End PBXBuildFile section */

/* Begin PBXFileReference section */
		1D19A4D621455E2F0009499A /* MovieCell.swift */ = {isa = PBXFileReference; lastKnownFileType = sourcecode.swift; path = MovieCell.swift; sourceTree = "<group>"; };
		1D4091FA21432BEA00CAE074 /* NowPlayingViewController.swift */ = {isa = PBXFileReference; lastKnownFileType = sourcecode.swift; path = NowPlayingViewController.swift; sourceTree = "<group>"; };
		1D55FBAC2145B7FB006E9210 /* Extension.swift */ = {isa = PBXFileReference; lastKnownFileType = sourcecode.swift; path = Extension.swift; sourceTree = "<group>"; };
		1DB77E772146D6C200F6A6C8 /* SearchViewController.swift */ = {isa = PBXFileReference; lastKnownFileType = sourcecode.swift; path = SearchViewController.swift; sourceTree = "<group>"; };
		1DB77E792146E27600F6A6C8 /* MovieCollectionCell.swift */ = {isa = PBXFileReference; lastKnownFileType = sourcecode.swift; path = MovieCollectionCell.swift; sourceTree = "<group>"; };
		1DE2B09D213F51C400C14CDA /* Flix.app */ = {isa = PBXFileReference; explicitFileType = wrapper.application; includeInIndex = 0; path = Flix.app; sourceTree = BUILT_PRODUCTS_DIR; };
		1DE2B0A0213F51C400C14CDA /* AppDelegate.swift */ = {isa = PBXFileReference; lastKnownFileType = sourcecode.swift; path = AppDelegate.swift; sourceTree = "<group>"; };
		1DE2B0A5213F51C400C14CDA /* Base */ = {isa = PBXFileReference; lastKnownFileType = file.storyboard; name = Base; path = Base.lproj/Main.storyboard; sourceTree = "<group>"; };
		1DE2B0A7213F51C600C14CDA /* Assets.xcassets */ = {isa = PBXFileReference; lastKnownFileType = folder.assetcatalog; path = Assets.xcassets; sourceTree = "<group>"; };
		1DE2B0AA213F51C600C14CDA /* Base */ = {isa = PBXFileReference; lastKnownFileType = file.storyboard; name = Base; path = Base.lproj/LaunchScreen.storyboard; sourceTree = "<group>"; };
		1DE2B0AC213F51C600C14CDA /* Info.plist */ = {isa = PBXFileReference; lastKnownFileType = text.plist.xml; path = Info.plist; sourceTree = "<group>"; };
		3A4EEDDCBF5457648DD508DA /* Pods_Flix.framework */ = {isa = PBXFileReference; explicitFileType = wrapper.framework; includeInIndex = 0; path = Pods_Flix.framework; sourceTree = BUILT_PRODUCTS_DIR; };
		8D4582E7445D6D9332BF03B7 /* Pods-Flix.release.xcconfig */ = {isa = PBXFileReference; includeInIndex = 1; lastKnownFileType = text.xcconfig; name = "Pods-Flix.release.xcconfig"; path = "Pods/Target Support Files/Pods-Flix/Pods-Flix.release.xcconfig"; sourceTree = "<group>"; };
		BF47F3344D949404EE6685B6 /* Pods-Flix.debug.xcconfig */ = {isa = PBXFileReference; includeInIndex = 1; lastKnownFileType = text.xcconfig; name = "Pods-Flix.debug.xcconfig"; path = "Pods/Target Support Files/Pods-Flix/Pods-Flix.debug.xcconfig"; sourceTree = "<group>"; };
/* End PBXFileReference section */

/* Begin PBXFrameworksBuildPhase section */
		1DE2B09A213F51C400C14CDA /* Frameworks */ = {
			isa = PBXFrameworksBuildPhase;
			buildActionMask = 2147483647;
			files = (
				F839E8550B027B52D3FA9F51 /* Pods_Flix.framework in Frameworks */,
			);
			runOnlyForDeploymentPostprocessing = 0;
		};
/* End PBXFrameworksBuildPhase section */

/* Begin PBXGroup section */
		1DE2B094213F51C400C14CDA = {
			isa = PBXGroup;
			children = (
				1DE2B09F213F51C400C14CDA /* Flix */,
				1DE2B09E213F51C400C14CDA /* Products */,
				67459245E2B70B920B0DF915 /* Pods */,
				8E71F4BDE5BD727C1ADD2EC5 /* Frameworks */,
			);
			sourceTree = "<group>";
		};
		1DE2B09E213F51C400C14CDA /* Products */ = {
			isa = PBXGroup;
			children = (
				1DE2B09D213F51C400C14CDA /* Flix.app */,
			);
			name = Products;
			sourceTree = "<group>";
		};
		1DE2B09F213F51C400C14CDA /* Flix */ = {
			isa = PBXGroup;
			children = (
				1D4091FA21432BEA00CAE074 /* NowPlayingViewController.swift */,
				1DB77E772146D6C200F6A6C8 /* SearchViewController.swift */,
				1D19A4D621455E2F0009499A /* MovieCell.swift */,
				1DB77E792146E27600F6A6C8 /* MovieCollectionCell.swift */,
				1D55FBAC2145B7FB006E9210 /* Extension.swift */,
				1DE2B0A0213F51C400C14CDA /* AppDelegate.swift */,
				1DE2B0A4213F51C400C14CDA /* Main.storyboard */,
				1DE2B0A7213F51C600C14CDA /* Assets.xcassets */,
				1DE2B0A9213F51C600C14CDA /* LaunchScreen.storyboard */,
				1DE2B0AC213F51C600C14CDA /* Info.plist */,
			);
			path = Flix;
			sourceTree = "<group>";
		};
		67459245E2B70B920B0DF915 /* Pods */ = {
			isa = PBXGroup;
			children = (
				BF47F3344D949404EE6685B6 /* Pods-Flix.debug.xcconfig */,
				8D4582E7445D6D9332BF03B7 /* Pods-Flix.release.xcconfig */,
			);
			name = Pods;
			sourceTree = "<group>";
		};
		8E71F4BDE5BD727C1ADD2EC5 /* Frameworks */ = {
			isa = PBXGroup;
			children = (
				3A4EEDDCBF5457648DD508DA /* Pods_Flix.framework */,
			);
			name = Frameworks;
			sourceTree = "<group>";
		};
/* End PBXGroup section */

/* Begin PBXNativeTarget section */
		1DE2B09C213F51C400C14CDA /* Flix */ = {
			isa = PBXNativeTarget;
			buildConfigurationList = 1DE2B0AF213F51C600C14CDA /* Build configuration list for PBXNativeTarget "Flix" */;
			buildPhases = (
				CF9495CA70C2611962EB23B1 /* [CP] Check Pods Manifest.lock */,
				1DE2B099213F51C400C14CDA /* Sources */,
				1DE2B09A213F51C400C14CDA /* Frameworks */,
				1DE2B09B213F51C400C14CDA /* Resources */,
				AA7855A5EFD2D40DF7AA0533 /* [CP] Embed Pods Frameworks */,
			);
			buildRules = (
			);
			dependencies = (
			);
			name = Flix;
			productName = Flix;
			productReference = 1DE2B09D213F51C400C14CDA /* Flix.app */;
			productType = "com.apple.product-type.application";
		};
/* End PBXNativeTarget section */

/* Begin PBXProject section */
		1DE2B095213F51C400C14CDA /* Project object */ = {
			isa = PBXProject;
			attributes = {
				LastSwiftUpdateCheck = 0940;
				LastUpgradeCheck = 0940;
				ORGANIZATIONNAME = "Hein Soe";
				TargetAttributes = {
					1DE2B09C213F51C400C14CDA = {
						CreatedOnToolsVersion = 9.4.1;
					};
				};
			};
			buildConfigurationList = 1DE2B098213F51C400C14CDA /* Build configuration list for PBXProject "Flix" */;
			compatibilityVersion = "Xcode 9.3";
			developmentRegion = en;
			hasScannedForEncodings = 0;
			knownRegions = (
				en,
				Base,
			);
			mainGroup = 1DE2B094213F51C400C14CDA;
			productRefGroup = 1DE2B09E213F51C400C14CDA /* Products */;
			projectDirPath = "";
			projectRoot = "";
			targets = (
				1DE2B09C213F51C400C14CDA /* Flix */,
			);
		};
/* End PBXProject section */

/* Begin PBXResourcesBuildPhase section */
		1DE2B09B213F51C400C14CDA /* Resources */ = {
			isa = PBXResourcesBuildPhase;
			buildActionMask = 2147483647;
			files = (
				1DE2B0AB213F51C600C14CDA /* LaunchScreen.storyboard in Resources */,
				1DE2B0A8213F51C600C14CDA /* Assets.xcassets in Resources */,
				1DE2B0A6213F51C400C14CDA /* Main.storyboard in Resources */,
			);
			runOnlyForDeploymentPostprocessing = 0;
		};
/* End PBXResourcesBuildPhase section */

/* Begin PBXShellScriptBuildPhase section */
		AA7855A5EFD2D40DF7AA0533 /* [CP] Embed Pods Frameworks */ = {
			isa = PBXShellScriptBuildPhase;
			buildActionMask = 2147483647;
			files = (
			);
			inputPaths = (
				"${SRCROOT}/Pods/Target Support Files/Pods-Flix/Pods-Flix-frameworks.sh",
				"${BUILT_PRODUCTS_DIR}/AFNetworking/AFNetworking.framework",
				"${BUILT_PRODUCTS_DIR}/Alamofire/Alamofire.framework",
				"${BUILT_PRODUCTS_DIR}/AlamofireImage/AlamofireImage.framework",
			);
			name = "[CP] Embed Pods Frameworks";
			outputPaths = (
				"${TARGET_BUILD_DIR}/${FRAMEWORKS_FOLDER_PATH}/AFNetworking.framework",
				"${TARGET_BUILD_DIR}/${FRAMEWORKS_FOLDER_PATH}/Alamofire.framework",
				"${TARGET_BUILD_DIR}/${FRAMEWORKS_FOLDER_PATH}/AlamofireImage.framework",
			);
			runOnlyForDeploymentPostprocessing = 0;
			shellPath = /bin/sh;
			shellScript = "\"${SRCROOT}/Pods/Target Support Files/Pods-Flix/Pods-Flix-frameworks.sh\"\n";
			showEnvVarsInLog = 0;
		};
		CF9495CA70C2611962EB23B1 /* [CP] Check Pods Manifest.lock */ = {
			isa = PBXShellScriptBuildPhase;
			buildActionMask = 2147483647;
			files = (
			);
			inputPaths = (
				"${PODS_PODFILE_DIR_PATH}/Podfile.lock",
				"${PODS_ROOT}/Manifest.lock",
			);
			name = "[CP] Check Pods Manifest.lock";
			outputPaths = (
				"$(DERIVED_FILE_DIR)/Pods-Flix-checkManifestLockResult.txt",
			);
			runOnlyForDeploymentPostprocessing = 0;
			shellPath = /bin/sh;
			shellScript = "diff \"${PODS_PODFILE_DIR_PATH}/Podfile.lock\" \"${PODS_ROOT}/Manifest.lock\" > /dev/null\nif [ $? != 0 ] ; then\n    # print error to STDERR\n    echo \"error: The sandbox is not in sync with the Podfile.lock. Run 'pod install' or update your CocoaPods installation.\" >&2\n    exit 1\nfi\n# This output is used by Xcode 'outputs' to avoid re-running this script phase.\necho \"SUCCESS\" > \"${SCRIPT_OUTPUT_FILE_0}\"\n";
			showEnvVarsInLog = 0;
		};
/* End PBXShellScriptBuildPhase section */

/* Begin PBXSourcesBuildPhase section */
		1DE2B099213F51C400C14CDA /* Sources */ = {
			isa = PBXSourcesBuildPhase;
			buildActionMask = 2147483647;
			files = (
				1DB77E7A2146E27600F6A6C8 /* MovieCollectionCell.swift in Sources */,
				1DB77E782146D6C200F6A6C8 /* SearchViewController.swift in Sources */,
				1D55FBAD2145B7FB006E9210 /* Extension.swift in Sources */,
				1D4091FB21432BEA00CAE074 /* NowPlayingViewController.swift in Sources */,
				1DE2B0A1213F51C400C14CDA /* AppDelegate.swift in Sources */,
				1D19A4D721455E2F0009499A /* MovieCell.swift in Sources */,
			);
			runOnlyForDeploymentPostprocessing = 0;
		};
/* End PBXSourcesBuildPhase section */

/* Begin PBXVariantGroup section */
		1DE2B0A4213F51C400C14CDA /* Main.storyboard */ = {
			isa = PBXVariantGroup;
			children = (
				1DE2B0A5213F51C400C14CDA /* Base */,
			);
			name = Main.storyboard;
			sourceTree = "<group>";
		};
		1DE2B0A9213F51C600C14CDA /* LaunchScreen.storyboard */ = {
			isa = PBXVariantGroup;
			children = (
				1DE2B0AA213F51C600C14CDA /* Base */,
			);
			name = LaunchScreen.storyboard;
			sourceTree = "<group>";
		};
/* End PBXVariantGroup section */

/* Begin XCBuildConfiguration section */
		1DE2B0AD213F51C600C14CDA /* Debug */ = {
			isa = XCBuildConfiguration;
			buildSettings = {
				ALWAYS_SEARCH_USER_PATHS = NO;
				CLANG_ANALYZER_NONNULL = YES;
				CLANG_ANALYZER_NUMBER_OBJECT_CONVERSION = YES_AGGRESSIVE;
				CLANG_CXX_LANGUAGE_STANDARD = "gnu++14";
				CLANG_CXX_LIBRARY = "libc++";
				CLANG_ENABLE_MODULES = YES;
				CLANG_ENABLE_OBJC_ARC = YES;
				CLANG_ENABLE_OBJC_WEAK = YES;
				CLANG_WARN_BLOCK_CAPTURE_AUTORELEASING = YES;
				CLANG_WARN_BOOL_CONVERSION = YES;
				CLANG_WARN_COMMA = YES;
				CLANG_WARN_CONSTANT_CONVERSION = YES;
				CLANG_WARN_DEPRECATED_OBJC_IMPLEMENTATIONS = YES;
				CLANG_WARN_DIRECT_OBJC_ISA_USAGE = YES_ERROR;
				CLANG_WARN_DOCUMENTATION_COMMENTS = YES;
				CLANG_WARN_EMPTY_BODY = YES;
				CLANG_WARN_ENUM_CONVERSION = YES;
				CLANG_WARN_INFINITE_RECURSION = YES;
				CLANG_WARN_INT_CONVERSION = YES;
				CLANG_WARN_NON_LITERAL_NULL_CONVERSION = YES;
				CLANG_WARN_OBJC_IMPLICIT_RETAIN_SELF = YES;
				CLANG_WARN_OBJC_LITERAL_CONVERSION = YES;
				CLANG_WARN_OBJC_ROOT_CLASS = YES_ERROR;
				CLANG_WARN_RANGE_LOOP_ANALYSIS = YES;
				CLANG_WARN_STRICT_PROTOTYPES = YES;
				CLANG_WARN_SUSPICIOUS_MOVE = YES;
				CLANG_WARN_UNGUARDED_AVAILABILITY = YES_AGGRESSIVE;
				CLANG_WARN_UNREACHABLE_CODE = YES;
				CLANG_WARN__DUPLICATE_METHOD_MATCH = YES;
				CODE_SIGN_IDENTITY = "iPhone Developer";
				COPY_PHASE_STRIP = NO;
				DEBUG_INFORMATION_FORMAT = dwarf;
				ENABLE_STRICT_OBJC_MSGSEND = YES;
				ENABLE_TESTABILITY = YES;
				GCC_C_LANGUAGE_STANDARD = gnu11;
				GCC_DYNAMIC_NO_PIC = NO;
				GCC_NO_COMMON_BLOCKS = YES;
				GCC_OPTIMIZATION_LEVEL = 0;
				GCC_PREPROCESSOR_DEFINITIONS = (
					"DEBUG=1",
					"$(inherited)",
				);
				GCC_WARN_64_TO_32_BIT_CONVERSION = YES;
				GCC_WARN_ABOUT_RETURN_TYPE = YES_ERROR;
				GCC_WARN_UNDECLARED_SELECTOR = YES;
				GCC_WARN_UNINITIALIZED_AUTOS = YES_AGGRESSIVE;
				GCC_WARN_UNUSED_FUNCTION = YES;
				GCC_WARN_UNUSED_VARIABLE = YES;
				IPHONEOS_DEPLOYMENT_TARGET = 11.4;
				MTL_ENABLE_DEBUG_INFO = YES;
				ONLY_ACTIVE_ARCH = YES;
				SDKROOT = iphoneos;
				SWIFT_ACTIVE_COMPILATION_CONDITIONS = DEBUG;
				SWIFT_OPTIMIZATION_LEVEL = "-Onone";
			};
			name = Debug;
		};
		1DE2B0AE213F51C600C14CDA /* Release */ = {
			isa = XCBuildConfiguration;
			buildSettings = {
				ALWAYS_SEARCH_USER_PATHS = NO;
				CLANG_ANALYZER_NONNULL = YES;
				CLANG_ANALYZER_NUMBER_OBJECT_CONVERSION = YES_AGGRESSIVE;
				CLANG_CXX_LANGUAGE_STANDARD = "gnu++14";
				CLANG_CXX_LIBRARY = "libc++";
				CLANG_ENABLE_MODULES = YES;
				CLANG_ENABLE_OBJC_ARC = YES;
				CLANG_ENABLE_OBJC_WEAK = YES;
				CLANG_WARN_BLOCK_CAPTURE_AUTORELEASING = YES;
				CLANG_WARN_BOOL_CONVERSION = YES;
				CLANG_WARN_COMMA = YES;
				CLANG_WARN_CONSTANT_CONVERSION = YES;
				CLANG_WARN_DEPRECATED_OBJC_IMPLEMENTATIONS = YES;
				CLANG_WARN_DIRECT_OBJC_ISA_USAGE = YES_ERROR;
				CLANG_WARN_DOCUMENTATION_COMMENTS = YES;
				CLANG_WARN_EMPTY_BODY = YES;
				CLANG_WARN_ENUM_CONVERSION = YES;
				CLANG_WARN_INFINITE_RECURSION = YES;
				CLANG_WARN_INT_CONVERSION = YES;
				CLANG_WARN_NON_LITERAL_NULL_CONVERSION = YES;
				CLANG_WARN_OBJC_IMPLICIT_RETAIN_SELF = YES;
				CLANG_WARN_OBJC_LITERAL_CONVERSION = YES;
				CLANG_WARN_OBJC_ROOT_CLASS = YES_ERROR;
				CLANG_WARN_RANGE_LOOP_ANALYSIS = YES;
				CLANG_WARN_STRICT_PROTOTYPES = YES;
				CLANG_WARN_SUSPICIOUS_MOVE = YES;
				CLANG_WARN_UNGUARDED_AVAILABILITY = YES_AGGRESSIVE;
				CLANG_WARN_UNREACHABLE_CODE = YES;
				CLANG_WARN__DUPLICATE_METHOD_MATCH = YES;
				CODE_SIGN_IDENTITY = "iPhone Developer";
				COPY_PHASE_STRIP = NO;
				DEBUG_INFORMATION_FORMAT = "dwarf-with-dsym";
				ENABLE_NS_ASSERTIONS = NO;
				ENABLE_STRICT_OBJC_MSGSEND = YES;
				GCC_C_LANGUAGE_STANDARD = gnu11;
				GCC_NO_COMMON_BLOCKS = YES;
				GCC_WARN_64_TO_32_BIT_CONVERSION = YES;
				GCC_WARN_ABOUT_RETURN_TYPE = YES_ERROR;
				GCC_WARN_UNDECLARED_SELECTOR = YES;
				GCC_WARN_UNINITIALIZED_AUTOS = YES_AGGRESSIVE;
				GCC_WARN_UNUSED_FUNCTION = YES;
				GCC_WARN_UNUSED_VARIABLE = YES;
				IPHONEOS_DEPLOYMENT_TARGET = 11.4;
				MTL_ENABLE_DEBUG_INFO = NO;
				SDKROOT = iphoneos;
				SWIFT_COMPILATION_MODE = wholemodule;
				SWIFT_OPTIMIZATION_LEVEL = "-O";
				VALIDATE_PRODUCT = YES;
			};
			name = Release;
		};
		1DE2B0B0213F51C600C14CDA /* Debug */ = {
			isa = XCBuildConfiguration;
			baseConfigurationReference = BF47F3344D949404EE6685B6 /* Pods-Flix.debug.xcconfig */;
			buildSettings = {
				ASSETCATALOG_COMPILER_APPICON_NAME = "AppIcon-2";
				CODE_SIGN_STYLE = Automatic;
				DEVELOPMENT_TEAM = 9SXQJ6QM3E;
				INFOPLIST_FILE = Flix/Info.plist;
				LD_RUNPATH_SEARCH_PATHS = (
					"$(inherited)",
					"@executable_path/Frameworks",
				);
				PRODUCT_BUNDLE_IDENTIFIER = com.heinsoe.Flix;
				PRODUCT_NAME = "$(TARGET_NAME)";
				SWIFT_VERSION = 4.0;
				TARGETED_DEVICE_FAMILY = "1,2";
			};
			name = Debug;
		};
		1DE2B0B1213F51C600C14CDA /* Release */ = {
			isa = XCBuildConfiguration;
			baseConfigurationReference = 8D4582E7445D6D9332BF03B7 /* Pods-Flix.release.xcconfig */;
			buildSettings = {
				ASSETCATALOG_COMPILER_APPICON_NAME = "AppIcon-2";
				CODE_SIGN_STYLE = Automatic;
				DEVELOPMENT_TEAM = 9SXQJ6QM3E;
				INFOPLIST_FILE = Flix/Info.plist;
				LD_RUNPATH_SEARCH_PATHS = (
					"$(inherited)",
					"@executable_path/Frameworks",
				);
				PRODUCT_BUNDLE_IDENTIFIER = com.heinsoe.Flix;
				PRODUCT_NAME = "$(TARGET_NAME)";
				SWIFT_VERSION = 4.0;
				TARGETED_DEVICE_FAMILY = "1,2";
			};
			name = Release;
		};
/* End XCBuildConfiguration section */

/* Begin XCConfigurationList section */
		1DE2B098213F51C400C14CDA /* Build configuration list for PBXProject "Flix" */ = {
			isa = XCConfigurationList;
			buildConfigurations = (
				1DE2B0AD213F51C600C14CDA /* Debug */,
				1DE2B0AE213F51C600C14CDA /* Release */,
			);
			defaultConfigurationIsVisible = 0;
			defaultConfigurationName = Release;
		};
		1DE2B0AF213F51C600C14CDA /* Build configuration list for PBXNativeTarget "Flix" */ = {
			isa = XCConfigurationList;
			buildConfigurations = (
				1DE2B0B0213F51C600C14CDA /* Debug */,
				1DE2B0B1213F51C600C14CDA /* Release */,
			);
			defaultConfigurationIsVisible = 0;
			defaultConfigurationName = Release;
		};
/* End XCConfigurationList section */
	};
	rootObject = 1DE2B095213F51C400C14CDA /* Project object */;
}
